
Microsoft Visual Studio Solution File, Format Version 12.00
# Visual Studio Version 17
VisualStudioVersion = 17.9.34616.47
MinimumVisualStudioVersion = 10.0.40219.1
Project("{FAE04EC0-301F-11D3-BF4B-00C04F79EFBC}") = "Word Processing", "Word Processing\Word Processing.csproj", "{6BE444A8-5A30-4667-B8B1-1466C6685BEE}"
EndProject
Project("{FAE04EC0-301F-11D3-BF4B-00C04F79EFBC}") = "ViewModel", "ViewModel\ViewModel.csproj", "{C807FC1D-6DD1-4704-AD34-A52CCC27906E}"
EndProject
Project("{FAE04EC0-301F-11D3-BF4B-00C04F79EFBC}") = "BusinessService", "BusinessService\BusinessService.csproj", "{4C3FD50D-C33A-4A01-BEE6-10A86843C3ED}"
EndProject
Project("{FAE04EC0-301F-11D3-BF4B-00C04F79EFBC}") = "WebFront", "WebFront\WebFront.csproj", "{CE123005-26B7-44C6-B433-AC1565D1D6BC}"
EndProject
Global
	GlobalSection(SolutionConfigurationPlatforms) = preSolution
		Debug|Any CPU = Debug|Any CPU
		Release|Any CPU = Release|Any CPU
	EndGlobalSection
	GlobalSection(ProjectConfigurationPlatforms) = postSolution
		{6BE444A8-5A30-4667-B8B1-1466C6685BEE}.Debug|Any CPU.ActiveCfg = Debug|Any CPU
		{6BE444A8-5A30-4667-B8B1-1466C6685BEE}.Debug|Any CPU.Build.0 = Debug|Any CPU
		{6BE444A8-5A30-4667-B8B1-1466C6685BEE}.Release|Any CPU.ActiveCfg = Release|Any CPU
		{6BE444A8-5A30-4667-B8B1-1466C6685BEE}.Release|Any CPU.Build.0 = Release|Any CPU
		{C807FC1D-6DD1-4704-AD34-A52CCC27906E}.Debug|Any CPU.ActiveCfg = Debug|Any CPU
		{C807FC1D-6DD1-4704-AD34-A52CCC27906E}.Debug|Any CPU.Build.0 = Debug|Any CPU
		{C807FC1D-6DD1-4704-AD34-A52CCC27906E}.Release|Any CPU.ActiveCfg = Release|Any CPU
		{C807FC1D-6DD1-4704-AD34-A52CCC27906E}.Release|Any CPU.Build.0 = Release|Any CPU
		{4C3FD50D-C33A-4A01-BEE6-10A86843C3ED}.Debug|Any CPU.ActiveCfg = Debug|Any CPU
		{4C3FD50D-C33A-4A01-BEE6-10A86843C3ED}.Debug|Any CPU.Build.0 = Debug|Any CPU
		{4C3FD50D-C33A-4A01-BEE6-10A86843C3ED}.Release|Any CPU.ActiveCfg = Release|Any CPU
		{4C3FD50D-C33A-4A01-BEE6-10A86843C3ED}.Release|Any CPU.Build.0 = Release|Any CPU
		{CE123005-26B7-44C6-B433-AC1565D1D6BC}.Debug|Any CPU.ActiveCfg = Debug|Any CPU
		{CE123005-26B7-44C6-B433-AC1565D1D6BC}.Debug|Any CPU.Build.0 = Debug|Any CPU
		{CE123005-26B7-44C6-B433-AC1565D1D6BC}.Release|Any CPU.ActiveCfg = Release|Any CPU
		{CE123005-26B7-44C6-B433-AC1565D1D6BC}.Release|Any CPU.Build.0 = Release|Any CPU
	EndGlobalSection
	GlobalSection(SolutionProperties) = preSolution
		HideSolutionNode = FALSE
	EndGlobalSection
	GlobalSection(ExtensibilityGlobals) = postSolution
		SolutionGuid = {A76CBB65-CFC6-4C8A-9E69-F449F77FAC2A}
	EndGlobalSection
EndGlobal
